
Microsoft Visual Studio Solution File, Format Version 12.00
# Visual Studio Version 16
VisualStudioVersion = 16.0.31613.86
MinimumVisualStudioVersion = 10.0.40219.1
Project("{FAE04EC0-301F-11D3-BF4B-00C04F79EFBC}") = "BoomsaFitnessBL", "BoomsaFitnessBL\BoomsaFitnessBL.csproj", "{11EBAAD7-2083-4754-B44D-EA398D075AF4}"
EndProject
Project("{FAE04EC0-301F-11D3-BF4B-00C04F79EFBC}") = "BoomsaFitnessCMD", "BoomsaFitnessCMD\BoomsaFitnessCMD.csproj", "{2F57EAAE-99C8-4508-ADA0-D7F5E3FEA10C}"
EndProject
Global
	GlobalSection(SolutionConfigurationPlatforms) = preSolution
		Debug|Any CPU = Debug|Any CPU
		Release|Any CPU = Release|Any CPU
	EndGlobalSection
	GlobalSection(ProjectConfigurationPlatforms) = postSolution
		{11EBAAD7-2083-4754-B44D-EA398D075AF4}.Debug|Any CPU.ActiveCfg = Debug|Any CPU
		{11EBAAD7-2083-4754-B44D-EA398D075AF4}.Debug|Any CPU.Build.0 = Debug|Any CPU
		{11EBAAD7-2083-4754-B44D-EA398D075AF4}.Release|Any CPU.ActiveCfg = Release|Any CPU
		{11EBAAD7-2083-4754-B44D-EA398D075AF4}.Release|Any CPU.Build.0 = Release|Any CPU
		{2F57EAAE-99C8-4508-ADA0-D7F5E3FEA10C}.Debug|Any CPU.ActiveCfg = Debug|Any CPU
		{2F57EAAE-99C8-4508-ADA0-D7F5E3FEA10C}.Debug|Any CPU.Build.0 = Debug|Any CPU
		{2F57EAAE-99C8-4508-ADA0-D7F5E3FEA10C}.Release|Any CPU.ActiveCfg = Release|Any CPU
		{2F57EAAE-99C8-4508-ADA0-D7F5E3FEA10C}.Release|Any CPU.Build.0 = Release|Any CPU
	EndGlobalSection
	GlobalSection(SolutionProperties) = preSolution
		HideSolutionNode = FALSE
	EndGlobalSection
	GlobalSection(ExtensibilityGlobals) = postSolution
		SolutionGuid = {57FF8981-6C1B-4999-A999-4DEA5707CACE}
	EndGlobalSection
EndGlobal
